
Microsoft Visual Studio Solution File, Format Version 12.00
# Visual Studio Version 17
VisualStudioVersion = 17.0.31903.59
MinimumVisualStudioVersion = 10.0.40219.1
Project("{FAE04EC0-301F-11D3-BF4B-00C04F79EFBC}") = "XNK.Core", "XNK.Core\XNK.Core.csproj", "{7E2FDA45-3355-4062-AFB7-B9E7AE94EDC5}"
EndProject
Project("{FAE04EC0-301F-11D3-BF4B-00C04F79EFBC}") = "XNK.Infrastructure", "XNK.Infrastructure\XNK.Infrastructure.csproj", "{8C1A8915-E4DD-4A27-AC31-3F6D81335A53}"
EndProject
Project("{FAE04EC0-301F-11D3-BF4B-00C04F79EFBC}") = "XNK.API", "XNK.API\XNK.API.csproj", "{FBD8CAE6-4EA8-4D1D-8402-C423734BDC9A}"
EndProject
Global
	GlobalSection(SolutionConfigurationPlatforms) = preSolution
		Debug|Any CPU = Debug|Any CPU
		Release|Any CPU = Release|Any CPU
	EndGlobalSection
	GlobalSection(SolutionProperties) = preSolution
		HideSolutionNode = FALSE
	EndGlobalSection
	GlobalSection(ProjectConfigurationPlatforms) = postSolution
		{7E2FDA45-3355-4062-AFB7-B9E7AE94EDC5}.Debug|Any CPU.ActiveCfg = Debug|Any CPU
		{7E2FDA45-3355-4062-AFB7-B9E7AE94EDC5}.Debug|Any CPU.Build.0 = Debug|Any CPU
		{7E2FDA45-3355-4062-AFB7-B9E7AE94EDC5}.Release|Any CPU.ActiveCfg = Release|Any CPU
		{7E2FDA45-3355-4062-AFB7-B9E7AE94EDC5}.Release|Any CPU.Build.0 = Release|Any CPU
		{8C1A8915-E4DD-4A27-AC31-3F6D81335A53}.Debug|Any CPU.ActiveCfg = Debug|Any CPU
		{8C1A8915-E4DD-4A27-AC31-3F6D81335A53}.Debug|Any CPU.Build.0 = Debug|Any CPU
		{8C1A8915-E4DD-4A27-AC31-3F6D81335A53}.Release|Any CPU.ActiveCfg = Release|Any CPU
		{8C1A8915-E4DD-4A27-AC31-3F6D81335A53}.Release|Any CPU.Build.0 = Release|Any CPU
		{FBD8CAE6-4EA8-4D1D-8402-C423734BDC9A}.Debug|Any CPU.ActiveCfg = Debug|Any CPU
		{FBD8CAE6-4EA8-4D1D-8402-C423734BDC9A}.Debug|Any CPU.Build.0 = Debug|Any CPU
		{FBD8CAE6-4EA8-4D1D-8402-C423734BDC9A}.Release|Any CPU.ActiveCfg = Release|Any CPU
		{FBD8CAE6-4EA8-4D1D-8402-C423734BDC9A}.Release|Any CPU.Build.0 = Release|Any CPU
	EndGlobalSection
EndGlobal
